// !$*UTF8*$!
{
	archiveVersion = 1;
	classes = {
	};
	objectVersion = 50;
	objects = {

/* Begin PBXBuildFile section */
		6F86EDA522ECB7E400375A00 /* Memory.swift in Sources */ = {isa = PBXBuildFile; fileRef = 6F86EDA422ECB7E400375A00 /* Memory.swift */; };
		6F86EDA722ECB99500375A00 /* MemoryTests.swift in Sources */ = {isa = PBXBuildFile; fileRef = 6F86EDA622ECB99500375A00 /* MemoryTests.swift */; };
		6F86EDAA22ECBD2800375A00 /* Register.swift in Sources */ = {isa = PBXBuildFile; fileRef = 6F86EDA922ECBD2800375A00 /* Register.swift */; };
		6F86EDAC22ECBD8600375A00 /* ProgramCounter.swift in Sources */ = {isa = PBXBuildFile; fileRef = 6F86EDAB22ECBD8600375A00 /* ProgramCounter.swift */; };
		6F86EDAE22ECBDD000375A00 /* ProgramCounterTests.swift in Sources */ = {isa = PBXBuildFile; fileRef = 6F86EDAD22ECBDD000375A00 /* ProgramCounterTests.swift */; };
		6FF1995722ECB36F00C255A2 /* AppDelegate.swift in Sources */ = {isa = PBXBuildFile; fileRef = 6FF1995622ECB36F00C255A2 /* AppDelegate.swift */; };
		6FF1995922ECB36F00C255A2 /* ViewController.swift in Sources */ = {isa = PBXBuildFile; fileRef = 6FF1995822ECB36F00C255A2 /* ViewController.swift */; };
		6FF1995B22ECB37000C255A2 /* Assets.xcassets in Resources */ = {isa = PBXBuildFile; fileRef = 6FF1995A22ECB37000C255A2 /* Assets.xcassets */; };
		6FF1995E22ECB37000C255A2 /* Main.storyboard in Resources */ = {isa = PBXBuildFile; fileRef = 6FF1995C22ECB37000C255A2 /* Main.storyboard */; };
/* End PBXBuildFile section */

/* Begin PBXContainerItemProxy section */
		6FF1996622ECB37000C255A2 /* PBXContainerItemProxy */ = {
			isa = PBXContainerItemProxy;
			containerPortal = 6FF1994B22ECB36F00C255A2 /* Project object */;
			proxyType = 1;
			remoteGlobalIDString = 6FF1995222ECB36F00C255A2;
			remoteInfo = Simulator;
		};
/* End PBXContainerItemProxy section */

/* Begin PBXFileReference section */
		6F86EDA422ECB7E400375A00 /* Memory.swift */ = {isa = PBXFileReference; lastKnownFileType = sourcecode.swift; path = Memory.swift; sourceTree = "<group>"; };
		6F86EDA622ECB99500375A00 /* MemoryTests.swift */ = {isa = PBXFileReference; lastKnownFileType = sourcecode.swift; path = MemoryTests.swift; sourceTree = "<group>"; };
		6F86EDA922ECBD2800375A00 /* Register.swift */ = {isa = PBXFileReference; lastKnownFileType = sourcecode.swift; path = Register.swift; sourceTree = "<group>"; };
		6F86EDAB22ECBD8600375A00 /* ProgramCounter.swift */ = {isa = PBXFileReference; lastKnownFileType = sourcecode.swift; path = ProgramCounter.swift; sourceTree = "<group>"; };
		6F86EDAD22ECBDD000375A00 /* ProgramCounterTests.swift */ = {isa = PBXFileReference; lastKnownFileType = sourcecode.swift; path = ProgramCounterTests.swift; sourceTree = "<group>"; };
		6FF1995322ECB36F00C255A2 /* Simulator.app */ = {isa = PBXFileReference; explicitFileType = wrapper.application; includeInIndex = 0; path = Simulator.app; sourceTree = BUILT_PRODUCTS_DIR; };
		6FF1995622ECB36F00C255A2 /* AppDelegate.swift */ = {isa = PBXFileReference; lastKnownFileType = sourcecode.swift; path = AppDelegate.swift; sourceTree = "<group>"; };
		6FF1995822ECB36F00C255A2 /* ViewController.swift */ = {isa = PBXFileReference; lastKnownFileType = sourcecode.swift; path = ViewController.swift; sourceTree = "<group>"; };
		6FF1995A22ECB37000C255A2 /* Assets.xcassets */ = {isa = PBXFileReference; lastKnownFileType = folder.assetcatalog; path = Assets.xcassets; sourceTree = "<group>"; };
		6FF1995D22ECB37000C255A2 /* Base */ = {isa = PBXFileReference; lastKnownFileType = file.storyboard; name = Base; path = Base.lproj/Main.storyboard; sourceTree = "<group>"; };
		6FF1995F22ECB37000C255A2 /* Info.plist */ = {isa = PBXFileReference; lastKnownFileType = text.plist.xml; path = Info.plist; sourceTree = "<group>"; };
		6FF1996022ECB37000C255A2 /* Simulator.entitlements */ = {isa = PBXFileReference; lastKnownFileType = text.plist.entitlements; path = Simulator.entitlements; sourceTree = "<group>"; };
		6FF1996522ECB37000C255A2 /* SimulatorTests.xctest */ = {isa = PBXFileReference; explicitFileType = wrapper.cfbundle; includeInIndex = 0; path = SimulatorTests.xctest; sourceTree = BUILT_PRODUCTS_DIR; };
		6FF1996B22ECB37000C255A2 /* Info.plist */ = {isa = PBXFileReference; lastKnownFileType = text.plist.xml; path = Info.plist; sourceTree = "<group>"; };
/* End PBXFileReference section */

/* Begin PBXFrameworksBuildPhase section */
		6FF1995022ECB36F00C255A2 /* Frameworks */ = {
			isa = PBXFrameworksBuildPhase;
			buildActionMask = 2147483647;
			files = (
			);
			runOnlyForDeploymentPostprocessing = 0;
		};
		6FF1996222ECB37000C255A2 /* Frameworks */ = {
			isa = PBXFrameworksBuildPhase;
			buildActionMask = 2147483647;
			files = (
			);
			runOnlyForDeploymentPostprocessing = 0;
		};
/* End PBXFrameworksBuildPhase section */

/* Begin PBXGroup section */
		6FF1994A22ECB36F00C255A2 = {
			isa = PBXGroup;
			children = (
				6FF1995522ECB36F00C255A2 /* Simulator */,
				6FF1996822ECB37000C255A2 /* SimulatorTests */,
				6FF1995422ECB36F00C255A2 /* Products */,
			);
			sourceTree = "<group>";
		};
		6FF1995422ECB36F00C255A2 /* Products */ = {
			isa = PBXGroup;
			children = (
				6FF1995322ECB36F00C255A2 /* Simulator.app */,
				6FF1996522ECB37000C255A2 /* SimulatorTests.xctest */,
			);
			name = Products;
			sourceTree = "<group>";
		};
		6FF1995522ECB36F00C255A2 /* Simulator */ = {
			isa = PBXGroup;
			children = (
				6F86EDA422ECB7E400375A00 /* Memory.swift */,
				6F86EDA922ECBD2800375A00 /* Register.swift */,
				6F86EDAB22ECBD8600375A00 /* ProgramCounter.swift */,
				6FF1995622ECB36F00C255A2 /* AppDelegate.swift */,
				6FF1995822ECB36F00C255A2 /* ViewController.swift */,
				6FF1995A22ECB37000C255A2 /* Assets.xcassets */,
				6FF1995C22ECB37000C255A2 /* Main.storyboard */,
				6FF1995F22ECB37000C255A2 /* Info.plist */,
				6FF1996022ECB37000C255A2 /* Simulator.entitlements */,
			);
			path = Simulator;
			sourceTree = "<group>";
		};
		6FF1996822ECB37000C255A2 /* SimulatorTests */ = {
			isa = PBXGroup;
			children = (
				6F86EDA622ECB99500375A00 /* MemoryTests.swift */,
				6F86EDAD22ECBDD000375A00 /* ProgramCounterTests.swift */,
				6FF1996B22ECB37000C255A2 /* Info.plist */,
			);
			path = SimulatorTests;
			sourceTree = "<group>";
		};
/* End PBXGroup section */

/* Begin PBXNativeTarget section */
		6FF1995222ECB36F00C255A2 /* Simulator */ = {
			isa = PBXNativeTarget;
			buildConfigurationList = 6FF1996E22ECB37000C255A2 /* Build configuration list for PBXNativeTarget "Simulator" */;
			buildPhases = (
				6FF1994F22ECB36F00C255A2 /* Sources */,
				6FF1995022ECB36F00C255A2 /* Frameworks */,
				6FF1995122ECB36F00C255A2 /* Resources */,
			);
			buildRules = (
			);
			dependencies = (
			);
			name = Simulator;
			productName = Simulator;
			productReference = 6FF1995322ECB36F00C255A2 /* Simulator.app */;
			productType = "com.apple.product-type.application";
		};
		6FF1996422ECB37000C255A2 /* SimulatorTests */ = {
			isa = PBXNativeTarget;
			buildConfigurationList = 6FF1997122ECB37000C255A2 /* Build configuration list for PBXNativeTarget "SimulatorTests" */;
			buildPhases = (
				6FF1996122ECB37000C255A2 /* Sources */,
				6FF1996222ECB37000C255A2 /* Frameworks */,
				6FF1996322ECB37000C255A2 /* Resources */,
			);
			buildRules = (
			);
			dependencies = (
				6FF1996722ECB37000C255A2 /* PBXTargetDependency */,
			);
			name = SimulatorTests;
			productName = SimulatorTests;
			productReference = 6FF1996522ECB37000C255A2 /* SimulatorTests.xctest */;
			productType = "com.apple.product-type.bundle.unit-test";
		};
/* End PBXNativeTarget section */

/* Begin PBXProject section */
		6FF1994B22ECB36F00C255A2 /* Project object */ = {
			isa = PBXProject;
			attributes = {
				LastSwiftUpdateCheck = 1020;
				LastUpgradeCheck = 1020;
				ORGANIZATIONNAME = "Andrew Fox";
				TargetAttributes = {
					6FF1995222ECB36F00C255A2 = {
						CreatedOnToolsVersion = 10.2.1;
					};
					6FF1996422ECB37000C255A2 = {
						CreatedOnToolsVersion = 10.2.1;
						TestTargetID = 6FF1995222ECB36F00C255A2;
					};
				};
			};
			buildConfigurationList = 6FF1994E22ECB36F00C255A2 /* Build configuration list for PBXProject "Simulator" */;
			compatibilityVersion = "Xcode 9.3";
			developmentRegion = en;
			hasScannedForEncodings = 0;
			knownRegions = (
				en,
				Base,
			);
			mainGroup = 6FF1994A22ECB36F00C255A2;
			productRefGroup = 6FF1995422ECB36F00C255A2 /* Products */;
			projectDirPath = "";
			projectRoot = "";
			targets = (
				6FF1995222ECB36F00C255A2 /* Simulator */,
				6FF1996422ECB37000C255A2 /* SimulatorTests */,
			);
		};
/* End PBXProject section */

/* Begin PBXResourcesBuildPhase section */
		6FF1995122ECB36F00C255A2 /* Resources */ = {
			isa = PBXResourcesBuildPhase;
			buildActionMask = 2147483647;
			files = (
				6FF1995B22ECB37000C255A2 /* Assets.xcassets in Resources */,
				6FF1995E22ECB37000C255A2 /* Main.storyboard in Resources */,
			);
			runOnlyForDeploymentPostprocessing = 0;
		};
		6FF1996322ECB37000C255A2 /* Resources */ = {
			isa = PBXResourcesBuildPhase;
			buildActionMask = 2147483647;
			files = (
			);
			runOnlyForDeploymentPostprocessing = 0;
		};
/* End PBXResourcesBuildPhase section */

/* Begin PBXSourcesBuildPhase section */
		6FF1994F22ECB36F00C255A2 /* Sources */ = {
			isa = PBXSourcesBuildPhase;
			buildActionMask = 2147483647;
			files = (
				6F86EDA522ECB7E400375A00 /* Memory.swift in Sources */,
				6FF1995922ECB36F00C255A2 /* ViewController.swift in Sources */,
				6F86EDAA22ECBD2800375A00 /* Register.swift in Sources */,
				6F86EDAC22ECBD8600375A00 /* ProgramCounter.swift in Sources */,
				6FF1995722ECB36F00C255A2 /* AppDelegate.swift in Sources */,
			);
			runOnlyForDeploymentPostprocessing = 0;
		};
		6FF1996122ECB37000C255A2 /* Sources */ = {
			isa = PBXSourcesBuildPhase;
			buildActionMask = 2147483647;
			files = (
				6F86EDA722ECB99500375A00 /* MemoryTests.swift in Sources */,
				6F86EDAE22ECBDD000375A00 /* ProgramCounterTests.swift in Sources */,
			);
			runOnlyForDeploymentPostprocessing = 0;
		};
/* End PBXSourcesBuildPhase section */

/* Begin PBXTargetDependency section */
		6FF1996722ECB37000C255A2 /* PBXTargetDependency */ = {
			isa = PBXTargetDependency;
			target = 6FF1995222ECB36F00C255A2 /* Simulator */;
			targetProxy = 6FF1996622ECB37000C255A2 /* PBXContainerItemProxy */;
		};
/* End PBXTargetDependency section */

/* Begin PBXVariantGroup section */
		6FF1995C22ECB37000C255A2 /* Main.storyboard */ = {
			isa = PBXVariantGroup;
			children = (
				6FF1995D22ECB37000C255A2 /* Base */,
			);
			name = Main.storyboard;
			sourceTree = "<group>";
		};
/* End PBXVariantGroup section */

/* Begin XCBuildConfiguration section */
		6FF1996C22ECB37000C255A2 /* Debug */ = {
			isa = XCBuildConfiguration;
			buildSettings = {
				ALWAYS_SEARCH_USER_PATHS = NO;
				CLANG_ANALYZER_NONNULL = YES;
				CLANG_ANALYZER_NUMBER_OBJECT_CONVERSION = YES_AGGRESSIVE;
				CLANG_CXX_LANGUAGE_STANDARD = "gnu++14";
				CLANG_CXX_LIBRARY = "libc++";
				CLANG_ENABLE_MODULES = YES;
				CLANG_ENABLE_OBJC_ARC = YES;
				CLANG_ENABLE_OBJC_WEAK = YES;
				CLANG_WARN_BLOCK_CAPTURE_AUTORELEASING = YES;
				CLANG_WARN_BOOL_CONVERSION = YES;
				CLANG_WARN_COMMA = YES;
				CLANG_WARN_CONSTANT_CONVERSION = YES;
				CLANG_WARN_DEPRECATED_OBJC_IMPLEMENTATIONS = YES;
				CLANG_WARN_DIRECT_OBJC_ISA_USAGE = YES_ERROR;
				CLANG_WARN_DOCUMENTATION_COMMENTS = YES;
				CLANG_WARN_EMPTY_BODY = YES;
				CLANG_WARN_ENUM_CONVERSION = YES;
				CLANG_WARN_INFINITE_RECURSION = YES;
				CLANG_WARN_INT_CONVERSION = YES;
				CLANG_WARN_NON_LITERAL_NULL_CONVERSION = YES;
				CLANG_WARN_OBJC_IMPLICIT_RETAIN_SELF = YES;
				CLANG_WARN_OBJC_LITERAL_CONVERSION = YES;
				CLANG_WARN_OBJC_ROOT_CLASS = YES_ERROR;
				CLANG_WARN_RANGE_LOOP_ANALYSIS = YES;
				CLANG_WARN_STRICT_PROTOTYPES = YES;
				CLANG_WARN_SUSPICIOUS_MOVE = YES;
				CLANG_WARN_UNGUARDED_AVAILABILITY = YES_AGGRESSIVE;
				CLANG_WARN_UNREACHABLE_CODE = YES;
				CLANG_WARN__DUPLICATE_METHOD_MATCH = YES;
				CODE_SIGN_IDENTITY = "-";
				COPY_PHASE_STRIP = NO;
				DEBUG_INFORMATION_FORMAT = dwarf;
				ENABLE_STRICT_OBJC_MSGSEND = YES;
				ENABLE_TESTABILITY = YES;
				GCC_C_LANGUAGE_STANDARD = gnu11;
				GCC_DYNAMIC_NO_PIC = NO;
				GCC_NO_COMMON_BLOCKS = YES;
				GCC_OPTIMIZATION_LEVEL = 0;
				GCC_PREPROCESSOR_DEFINITIONS = (
					"DEBUG=1",
					"$(inherited)",
				);
				GCC_WARN_64_TO_32_BIT_CONVERSION = YES;
				GCC_WARN_ABOUT_RETURN_TYPE = YES_ERROR;
				GCC_WARN_UNDECLARED_SELECTOR = YES;
				GCC_WARN_UNINITIALIZED_AUTOS = YES_AGGRESSIVE;
				GCC_WARN_UNUSED_FUNCTION = YES;
				GCC_WARN_UNUSED_VARIABLE = YES;
				MACOSX_DEPLOYMENT_TARGET = 10.14;
				MTL_ENABLE_DEBUG_INFO = INCLUDE_SOURCE;
				MTL_FAST_MATH = YES;
				ONLY_ACTIVE_ARCH = YES;
				SDKROOT = macosx;
				SWIFT_ACTIVE_COMPILATION_CONDITIONS = DEBUG;
				SWIFT_OPTIMIZATION_LEVEL = "-Onone";
			};
			name = Debug;
		};
		6FF1996D22ECB37000C255A2 /* Release */ = {
			isa = XCBuildConfiguration;
			buildSettings = {
				ALWAYS_SEARCH_USER_PATHS = NO;
				CLANG_ANALYZER_NONNULL = YES;
				CLANG_ANALYZER_NUMBER_OBJECT_CONVERSION = YES_AGGRESSIVE;
				CLANG_CXX_LANGUAGE_STANDARD = "gnu++14";
				CLANG_CXX_LIBRARY = "libc++";
				CLANG_ENABLE_MODULES = YES;
				CLANG_ENABLE_OBJC_ARC = YES;
				CLANG_ENABLE_OBJC_WEAK = YES;
				CLANG_WARN_BLOCK_CAPTURE_AUTORELEASING = YES;
				CLANG_WARN_BOOL_CONVERSION = YES;
				CLANG_WARN_COMMA = YES;
				CLANG_WARN_CONSTANT_CONVERSION = YES;
				CLANG_WARN_DEPRECATED_OBJC_IMPLEMENTATIONS = YES;
				CLANG_WARN_DIRECT_OBJC_ISA_USAGE = YES_ERROR;
				CLANG_WARN_DOCUMENTATION_COMMENTS = YES;
				CLANG_WARN_EMPTY_BODY = YES;
				CLANG_WARN_ENUM_CONVERSION = YES;
				CLANG_WARN_INFINITE_RECURSION = YES;
				CLANG_WARN_INT_CONVERSION = YES;
				CLANG_WARN_NON_LITERAL_NULL_CONVERSION = YES;
				CLANG_WARN_OBJC_IMPLICIT_RETAIN_SELF = YES;
				CLANG_WARN_OBJC_LITERAL_CONVERSION = YES;
				CLANG_WARN_OBJC_ROOT_CLASS = YES_ERROR;
				CLANG_WARN_RANGE_LOOP_ANALYSIS = YES;
				CLANG_WARN_STRICT_PROTOTYPES = YES;
				CLANG_WARN_SUSPICIOUS_MOVE = YES;
				CLANG_WARN_UNGUARDED_AVAILABILITY = YES_AGGRESSIVE;
				CLANG_WARN_UNREACHABLE_CODE = YES;
				CLANG_WARN__DUPLICATE_METHOD_MATCH = YES;
				CODE_SIGN_IDENTITY = "-";
				COPY_PHASE_STRIP = NO;
				DEBUG_INFORMATION_FORMAT = "dwarf-with-dsym";
				ENABLE_NS_ASSERTIONS = NO;
				ENABLE_STRICT_OBJC_MSGSEND = YES;
				GCC_C_LANGUAGE_STANDARD = gnu11;
				GCC_NO_COMMON_BLOCKS = YES;
				GCC_WARN_64_TO_32_BIT_CONVERSION = YES;
				GCC_WARN_ABOUT_RETURN_TYPE = YES_ERROR;
				GCC_WARN_UNDECLARED_SELECTOR = YES;
				GCC_WARN_UNINITIALIZED_AUTOS = YES_AGGRESSIVE;
				GCC_WARN_UNUSED_FUNCTION = YES;
				GCC_WARN_UNUSED_VARIABLE = YES;
				MACOSX_DEPLOYMENT_TARGET = 10.14;
				MTL_ENABLE_DEBUG_INFO = NO;
				MTL_FAST_MATH = YES;
				SDKROOT = macosx;
				SWIFT_COMPILATION_MODE = wholemodule;
				SWIFT_OPTIMIZATION_LEVEL = "-O";
			};
			name = Release;
		};
		6FF1996F22ECB37000C255A2 /* Debug */ = {
			isa = XCBuildConfiguration;
			buildSettings = {
				ASSETCATALOG_COMPILER_APPICON_NAME = AppIcon;
				CODE_SIGN_ENTITLEMENTS = Simulator/Simulator.entitlements;
				CODE_SIGN_IDENTITY = "Mac Developer";
				CODE_SIGN_STYLE = Automatic;
				COMBINE_HIDPI_IMAGES = YES;
				DEVELOPMENT_TEAM = TZ9N52W5SU;
				INFOPLIST_FILE = Simulator/Info.plist;
				LD_RUNPATH_SEARCH_PATHS = (
					"$(inherited)",
					"@executable_path/../Frameworks",
				);
				PRODUCT_BUNDLE_IDENTIFIER = com.foxostro.Simulator;
				PRODUCT_NAME = "$(TARGET_NAME)";
				PROVISIONING_PROFILE_SPECIFIER = "";
				SWIFT_VERSION = 5.0;
			};
			name = Debug;
		};
		6FF1997022ECB37000C255A2 /* Release */ = {
			isa = XCBuildConfiguration;
			buildSettings = {
				ASSETCATALOG_COMPILER_APPICON_NAME = AppIcon;
				CODE_SIGN_ENTITLEMENTS = Simulator/Simulator.entitlements;
				CODE_SIGN_IDENTITY = "Mac Developer";
				CODE_SIGN_STYLE = Automatic;
				COMBINE_HIDPI_IMAGES = YES;
				DEVELOPMENT_TEAM = TZ9N52W5SU;
				INFOPLIST_FILE = Simulator/Info.plist;
				LD_RUNPATH_SEARCH_PATHS = (
					"$(inherited)",
					"@executable_path/../Frameworks",
				);
				PRODUCT_BUNDLE_IDENTIFIER = com.foxostro.Simulator;
				PRODUCT_NAME = "$(TARGET_NAME)";
				PROVISIONING_PROFILE_SPECIFIER = "";
				SWIFT_VERSION = 5.0;
			};
			name = Release;
		};
		6FF1997222ECB37000C255A2 /* Debug */ = {
			isa = XCBuildConfiguration;
			buildSettings = {
				ALWAYS_EMBED_SWIFT_STANDARD_LIBRARIES = YES;
				BUNDLE_LOADER = "$(TEST_HOST)";
				CODE_SIGN_STYLE = Automatic;
				COMBINE_HIDPI_IMAGES = YES;
				INFOPLIST_FILE = SimulatorTests/Info.plist;
				LD_RUNPATH_SEARCH_PATHS = (
					"$(inherited)",
					"@executable_path/../Frameworks",
					"@loader_path/../Frameworks",
				);
				PRODUCT_BUNDLE_IDENTIFIER = com.foxostro.SimulatorTests;
				PRODUCT_NAME = "$(TARGET_NAME)";
				SWIFT_VERSION = 5.0;
				TEST_HOST = "$(BUILT_PRODUCTS_DIR)/Simulator.app/Contents/MacOS/Simulator";
			};
			name = Debug;
		};
		6FF1997322ECB37000C255A2 /* Release */ = {
			isa = XCBuildConfiguration;
			buildSettings = {
				ALWAYS_EMBED_SWIFT_STANDARD_LIBRARIES = YES;
				BUNDLE_LOADER = "$(TEST_HOST)";
				CODE_SIGN_STYLE = Automatic;
				COMBINE_HIDPI_IMAGES = YES;
				INFOPLIST_FILE = SimulatorTests/Info.plist;
				LD_RUNPATH_SEARCH_PATHS = (
					"$(inherited)",
					"@executable_path/../Frameworks",
					"@loader_path/../Frameworks",
				);
				PRODUCT_BUNDLE_IDENTIFIER = com.foxostro.SimulatorTests;
				PRODUCT_NAME = "$(TARGET_NAME)";
				SWIFT_VERSION = 5.0;
				TEST_HOST = "$(BUILT_PRODUCTS_DIR)/Simulator.app/Contents/MacOS/Simulator";
			};
			name = Release;
		};
/* End XCBuildConfiguration section */

/* Begin XCConfigurationList section */
		6FF1994E22ECB36F00C255A2 /* Build configuration list for PBXProject "Simulator" */ = {
			isa = XCConfigurationList;
			buildConfigurations = (
				6FF1996C22ECB37000C255A2 /* Debug */,
				6FF1996D22ECB37000C255A2 /* Release */,
			);
			defaultConfigurationIsVisible = 0;
			defaultConfigurationName = Release;
		};
		6FF1996E22ECB37000C255A2 /* Build configuration list for PBXNativeTarget "Simulator" */ = {
			isa = XCConfigurationList;
			buildConfigurations = (
				6FF1996F22ECB37000C255A2 /* Debug */,
				6FF1997022ECB37000C255A2 /* Release */,
			);
			defaultConfigurationIsVisible = 0;
			defaultConfigurationName = Release;
		};
		6FF1997122ECB37000C255A2 /* Build configuration list for PBXNativeTarget "SimulatorTests" */ = {
			isa = XCConfigurationList;
			buildConfigurations = (
				6FF1997222ECB37000C255A2 /* Debug */,
				6FF1997322ECB37000C255A2 /* Release */,
			);
			defaultConfigurationIsVisible = 0;
			defaultConfigurationName = Release;
		};
/* End XCConfigurationList section */
	};
	rootObject = 6FF1994B22ECB36F00C255A2 /* Project object */;
}
